<?xml version="1.0" encoding="utf-8"?>
<Project ToolsVersion="4.0" xmlns="http://schemas.microsoft.com/developer/msbuild/2003">
  <ItemGroup>
    <Filter Include="Engine">
      <UniqueIdentifier>{41a5ad65-9890-42e6-9558-388a1083d28a}</UniqueIdentifier>
    </Filter>
  </ItemGroup>
  <ItemGroup>
    <ClInclude Include="..\..\source\Engine\Framework\Win32Framework.h">
      <Filter>Engine</Filter>
    </ClInclude>
    <ClInclude Include="..\..\source\Engine\Graphics\OpenGLGraphicsDriver.h">
      <Filter>Engine</Filter>
    </ClInclude>
    <ClInclude Include="..\..\source\Engine\IGraphicsDriver.h">
      <Filter>Engine</Filter>
    </ClInclude>
    <ClInclude Include="..\..\source\Engine\IFramework.h">
      <Filter>Engine</Filter>
    </ClInclude>
  </ItemGroup>
  <ItemGroup>
    <ClCompile Include="..\..\source\Engine\Framework\Win32Framework.cpp">
      <Filter>Engine</Filter>
    </ClCompile>
    <ClCompile Include="..\..\source\main.cpp" />
    <ClCompile Include="..\..\source\Engine\Graphics\OpenGLGraphicsDriver.cpp">
      <Filter>Engine</Filter>
    </ClCompile>
  </ItemGroup>
</Project>