<?xml version="1.0" encoding="utf-8"?>
<Project ToolsVersion="4.0" xmlns="http://schemas.microsoft.com/developer/msbuild/2003">
  <ItemGroup>
    <Filter Include="Engine">
      <UniqueIdentifier>{41a5ad65-9890-42e6-9558-388a1083d28a}</UniqueIdentifier>
    </Filter>
    <Filter Include="external">
      <UniqueIdentifier>{5e0b74d8-e674-4060-affd-2ab586d7b688}</UniqueIdentifier>
    </Filter>
    <Filter Include="external\jsoncpp">
      <UniqueIdentifier>{83885e2e-f32b-4b07-95d2-a5f2325b5132}</UniqueIdentifier>
    </Filter>
    <Filter Include="external\nowide">
      <UniqueIdentifier>{6bc8cd64-3076-4c75-ae32-d2b4c4007d2f}</UniqueIdentifier>
    </Filter>
    <Filter Include="Engine\Config">
      <UniqueIdentifier>{c83bb15c-2ead-4708-a16f-3fc9b4fd81f0}</UniqueIdentifier>
    </Filter>
    <Filter Include="Engine\Log">
      <UniqueIdentifier>{57a4221a-8331-4ea1-a1e6-fe2a8cd17441}</UniqueIdentifier>
    </Filter>
    <Filter Include="Engine\Graphics">
      <UniqueIdentifier>{310db9be-644a-4e20-ab22-28d15315925b}</UniqueIdentifier>
    </Filter>
    <Filter Include="Engine\Input">
      <UniqueIdentifier>{60b1b381-5580-4e02-9f3b-1373b6dcfaa2}</UniqueIdentifier>
    </Filter>
    <Filter Include="Engine\Platform">
      <UniqueIdentifier>{01a07877-8abe-4d4a-bc6c-bc5be3d02392}</UniqueIdentifier>
    </Filter>
    <Filter Include="Engine\Memory">
      <UniqueIdentifier>{f0b90ec8-2846-4a99-99dc-efd098c50a3c}</UniqueIdentifier>
    </Filter>
  </ItemGroup>
  <ItemGroup>
    <ClInclude Include="..\..\external\jsoncpp\json\json.h">
      <Filter>external\jsoncpp</Filter>
    </ClInclude>
    <ClInclude Include="..\..\external\jsoncpp\json\json-forwards.h">
      <Filter>external\jsoncpp</Filter>
    </ClInclude>
    <ClInclude Include="..\..\external\nowide\nowide\config.h">
      <Filter>external\nowide</Filter>
    </ClInclude>
    <ClInclude Include="..\..\external\nowide\nowide\convert.h">
      <Filter>external\nowide</Filter>
    </ClInclude>
    <ClInclude Include="..\..\external\nowide\nowide\cstdio.h">
      <Filter>external\nowide</Filter>
    </ClInclude>
    <ClInclude Include="..\..\external\nowide\nowide\fstream.h">
      <Filter>external\nowide</Filter>
    </ClInclude>
    <ClInclude Include="..\..\external\nowide\nowide\streambuf.h">
      <Filter>external\nowide</Filter>
    </ClInclude>
    <ClInclude Include="..\..\source\Engine\JSONConfig.h">
      <Filter>Engine\Config</Filter>
    </ClInclude>
    <ClInclude Include="..\..\source\Engine\Logging.h">
      <Filter>Engine\Log</Filter>
    </ClInclude>
    <ClInclude Include="..\..\source\Engine\Win32Input.h">
      <Filter>Engine\Input</Filter>
    </ClInclude>
    <ClInclude Include="..\..\source\Engine\IPlatform.h">
      <Filter>Engine\Platform</Filter>
    </ClInclude>
    <ClInclude Include="..\..\source\Engine\BasicMacros.h">
      <Filter>Engine</Filter>
    </ClInclude>
    <ClInclude Include="..\..\source\Engine\OpenGLGraphics.h">
      <Filter>Engine\Graphics</Filter>
    </ClInclude>
    <ClInclude Include="..\..\source\Engine\IGraphics.h">
      <Filter>Engine\Graphics</Filter>
    </ClInclude>
    <ClInclude Include="..\..\source\Engine\WindowsPlatform.h">
      <Filter>Engine\Platform</Filter>
    </ClInclude>
    <ClInclude Include="..\..\source\Engine\DirectXGraphics.h">
      <Filter>Engine\Graphics</Filter>
    </ClInclude>
    <ClInclude Include="..\..\source\Engine\MemoryManager.h">
      <Filter>Engine\Memory</Filter>
    </ClInclude>
  </ItemGroup>
  <ItemGroup>
    <ClCompile Include="..\..\source\main.cpp" />
    <ClCompile Include="..\..\external\jsoncpp\jsoncpp.cpp">
      <Filter>external\jsoncpp</Filter>
    </ClCompile>
    <ClCompile Include="..\..\external\nowide\src\convert.cpp">
      <Filter>external\nowide</Filter>
    </ClCompile>
    <ClCompile Include="..\..\external\nowide\src\streambuf.cpp">
      <Filter>external\nowide</Filter>
    </ClCompile>
    <ClCompile Include="..\..\source\Engine\JSONConfig.cpp">
      <Filter>Engine\Config</Filter>
    </ClCompile>
    <ClCompile Include="..\..\source\Engine\Logging.cpp">
      <Filter>Engine\Log</Filter>
    </ClCompile>
    <ClCompile Include="..\..\source\Engine\Win32Input.cpp">
      <Filter>Engine\Input</Filter>
    </ClCompile>
    <ClCompile Include="..\..\source\Engine\OpenGLGraphics.cpp">
      <Filter>Engine\Graphics</Filter>
    </ClCompile>
    <ClCompile Include="..\..\source\Engine\WindowsPlatform.cpp">
      <Filter>Engine\Platform</Filter>
    </ClCompile>
    <ClCompile Include="..\..\source\Engine\IPlatform.cpp">
      <Filter>Engine\Platform</Filter>
    </ClCompile>
    <ClCompile Include="..\..\source\Engine\DirectXGraphics.cpp">
      <Filter>Engine\Graphics</Filter>
    </ClCompile>
    <ClCompile Include="..\..\source\Engine\MemoryManager.cpp">
      <Filter>Engine\Memory</Filter>
    </ClCompile>
  </ItemGroup>
</Project>